
Microsoft Visual Studio Solution File, Format Version 12.00
# Visual Studio Version 16
VisualStudioVersion = 16.0.31112.23
MinimumVisualStudioVersion = 10.0.40219.1
Project("{FAE04EC0-301F-11D3-BF4B-00C04F79EFBC}") = "Part01", "Part01\Part01.csproj", "{8625A10A-1F94-4E81-8C72-E2DE1543F59D}"
EndProject
Global
	GlobalSection(SolutionConfigurationPlatforms) = preSolution
		Debug|Any CPU = Debug|Any CPU
		Release|Any CPU = Release|Any CPU
	EndGlobalSection
	GlobalSection(ProjectConfigurationPlatforms) = postSolution
		{8625A10A-1F94-4E81-8C72-E2DE1543F59D}.Debug|Any CPU.ActiveCfg = Debug|Any CPU
		{8625A10A-1F94-4E81-8C72-E2DE1543F59D}.Debug|Any CPU.Build.0 = Debug|Any CPU
		{8625A10A-1F94-4E81-8C72-E2DE1543F59D}.Release|Any CPU.ActiveCfg = Release|Any CPU
		{8625A10A-1F94-4E81-8C72-E2DE1543F59D}.Release|Any CPU.Build.0 = Release|Any CPU
	EndGlobalSection
	GlobalSection(SolutionProperties) = preSolution
		HideSolutionNode = FALSE
	EndGlobalSection
	GlobalSection(ExtensibilityGlobals) = postSolution
		SolutionGuid = {8B9C2EC4-8EDF-43FD-9069-2968D2E2401A}
	EndGlobalSection
EndGlobal
